<?xml version="1.0" encoding="utf-8"?>
<Project ToolsVersion="4.0" xmlns="http://schemas.microsoft.com/developer/msbuild/2003">
  <ItemGroup>
    <Filter Include="Physics">
      <UniqueIdentifier>{5d3a9a12-f007-4966-9ba0-cce559100845}</UniqueIdentifier>
    </Filter>
    <Filter Include="Game">
      <UniqueIdentifier>{6b07a2fd-1600-4a3a-9be5-910c2c2dbd4c}</UniqueIdentifier>
    </Filter>
    <Filter Include="Graphics">
      <UniqueIdentifier>{aad17fad-0fc8-4990-bb12-82d1da3fb1ff}</UniqueIdentifier>
    </Filter>
    <Filter Include="Util">
      <UniqueIdentifier>{f78946e2-e914-4d59-b7cc-1df426a4cc64}</UniqueIdentifier>
    </Filter>
  </ItemGroup>
  <ItemGroup>
    <ClCompile Include="World.cpp">
      <Filter>Game</Filter>
    </ClCompile>
    <ClCompile Include="Graphics.cpp">
      <Filter>Graphics</Filter>
    </ClCompile>
    <ClCompile Include="main.cpp" />
    <ClCompile Include="Physics.cpp">
      <Filter>Physics</Filter>
    </ClCompile>
    <ClCompile Include="Math.cpp">
      <Filter>Util</Filter>
    </ClCompile>
  </ItemGroup>
  <ItemGroup>
    <ClInclude Include="World.h">
      <Filter>Game</Filter>
    </ClInclude>
    <ClInclude Include="Graphics.h">
      <Filter>Graphics</Filter>
    </ClInclude>
    <ClInclude Include="Physics.h">
      <Filter>Physics</Filter>
    </ClInclude>
    <ClInclude Include="SparseArray.h">
      <Filter>Util</Filter>
    </ClInclude>
    <ClInclude Include="Math.h">
      <Filter>Util</Filter>
    </ClInclude>
  </ItemGroup>
</Project>